
Microsoft Visual Studio Solution File, Format Version 12.00
# Visual Studio Version 16
VisualStudioVersion = 16.0.28803.202
MinimumVisualStudioVersion = 10.0.40219.1
Project("{2150E333-8FDC-42A3-9474-1A3956D46DE8}") = "src", "src", "{7F9899A6-10C3-44BE-8696-EAEA7C2D596B}"
EndProject
Project("{2150E333-8FDC-42A3-9474-1A3956D46DE8}") = "examples", "examples", "{A28464AE-58E0-4BCD-AA19-B65E571DC285}"
EndProject
Project("{9A19103F-16F7-4668-BE54-9A1E7A4F7556}") = "ORGate", "examples\ORGate\ORGate.csproj", "{E0A9D3B2-356A-4B20-A297-F4F4C92BC106}"
EndProject
Project("{9A19103F-16F7-4668-BE54-9A1E7A4F7556}") = "MNIST", "examples\MNIST\MNIST.csproj", "{17E02EF9-EE16-4959-8364-14CD53321D68}"
EndProject
Project("{9A19103F-16F7-4668-BE54-9A1E7A4F7556}") = "BostonHousingRegression", "examples\BostonHousingRegression\BostonHousingRegression.csproj", "{8AEA3E2F-9EB7-4FB4-A6CA-864D51625F38}"
EndProject
Project("{9A19103F-16F7-4668-BE54-9A1E7A4F7556}") = "ConsoleTest", "examples\ConsoleTest\ConsoleTest.csproj", "{FC8EAC50-7DAA-4B7B-8C25-200C551A3805}"
EndProject
Project("{9A19103F-16F7-4668-BE54-9A1E7A4F7556}") = "MxNet.NN", "src\MxNET.NN\MxNet.NN.csproj", "{CE6B7321-3101-4783-8ED0-874B10D27FAA}"
EndProject
Project("{FAE04EC0-301F-11D3-BF4B-00C04F79EFBC}") = "MxNet.DotNet", "src\MxNet.DotNet\MxNet.DotNet.csproj", "{D83E8014-6399-420A-976C-6CFDE0F242AA}"
EndProject
Global
	GlobalSection(SolutionConfigurationPlatforms) = preSolution
		Debug|Any CPU = Debug|Any CPU
		Debug|x64 = Debug|x64
		Release|Any CPU = Release|Any CPU
		Release|x64 = Release|x64
	EndGlobalSection
	GlobalSection(ProjectConfigurationPlatforms) = postSolution
		{E0A9D3B2-356A-4B20-A297-F4F4C92BC106}.Debug|Any CPU.ActiveCfg = Debug|Any CPU
		{E0A9D3B2-356A-4B20-A297-F4F4C92BC106}.Debug|Any CPU.Build.0 = Debug|Any CPU
		{E0A9D3B2-356A-4B20-A297-F4F4C92BC106}.Debug|x64.ActiveCfg = Debug|x64
		{E0A9D3B2-356A-4B20-A297-F4F4C92BC106}.Debug|x64.Build.0 = Debug|x64
		{E0A9D3B2-356A-4B20-A297-F4F4C92BC106}.Release|Any CPU.ActiveCfg = Release|Any CPU
		{E0A9D3B2-356A-4B20-A297-F4F4C92BC106}.Release|Any CPU.Build.0 = Release|Any CPU
		{E0A9D3B2-356A-4B20-A297-F4F4C92BC106}.Release|x64.ActiveCfg = Release|x64
		{E0A9D3B2-356A-4B20-A297-F4F4C92BC106}.Release|x64.Build.0 = Release|x64
		{17E02EF9-EE16-4959-8364-14CD53321D68}.Debug|Any CPU.ActiveCfg = Debug|Any CPU
		{17E02EF9-EE16-4959-8364-14CD53321D68}.Debug|Any CPU.Build.0 = Debug|Any CPU
		{17E02EF9-EE16-4959-8364-14CD53321D68}.Debug|x64.ActiveCfg = Debug|x64
		{17E02EF9-EE16-4959-8364-14CD53321D68}.Debug|x64.Build.0 = Debug|x64
		{17E02EF9-EE16-4959-8364-14CD53321D68}.Release|Any CPU.ActiveCfg = Release|Any CPU
		{17E02EF9-EE16-4959-8364-14CD53321D68}.Release|Any CPU.Build.0 = Release|Any CPU
		{17E02EF9-EE16-4959-8364-14CD53321D68}.Release|x64.ActiveCfg = Release|x64
		{17E02EF9-EE16-4959-8364-14CD53321D68}.Release|x64.Build.0 = Release|x64
		{8AEA3E2F-9EB7-4FB4-A6CA-864D51625F38}.Debug|Any CPU.ActiveCfg = Debug|Any CPU
		{8AEA3E2F-9EB7-4FB4-A6CA-864D51625F38}.Debug|Any CPU.Build.0 = Debug|Any CPU
		{8AEA3E2F-9EB7-4FB4-A6CA-864D51625F38}.Debug|x64.ActiveCfg = Debug|x64
		{8AEA3E2F-9EB7-4FB4-A6CA-864D51625F38}.Debug|x64.Build.0 = Debug|x64
		{8AEA3E2F-9EB7-4FB4-A6CA-864D51625F38}.Release|Any CPU.ActiveCfg = Release|Any CPU
		{8AEA3E2F-9EB7-4FB4-A6CA-864D51625F38}.Release|Any CPU.Build.0 = Release|Any CPU
		{8AEA3E2F-9EB7-4FB4-A6CA-864D51625F38}.Release|x64.ActiveCfg = Release|x64
		{8AEA3E2F-9EB7-4FB4-A6CA-864D51625F38}.Release|x64.Build.0 = Release|x64
		{FC8EAC50-7DAA-4B7B-8C25-200C551A3805}.Debug|Any CPU.ActiveCfg = Debug|Any CPU
		{FC8EAC50-7DAA-4B7B-8C25-200C551A3805}.Debug|Any CPU.Build.0 = Debug|Any CPU
		{FC8EAC50-7DAA-4B7B-8C25-200C551A3805}.Debug|x64.ActiveCfg = Debug|x64
		{FC8EAC50-7DAA-4B7B-8C25-200C551A3805}.Debug|x64.Build.0 = Debug|x64
		{FC8EAC50-7DAA-4B7B-8C25-200C551A3805}.Release|Any CPU.ActiveCfg = Release|Any CPU
		{FC8EAC50-7DAA-4B7B-8C25-200C551A3805}.Release|Any CPU.Build.0 = Release|Any CPU
		{FC8EAC50-7DAA-4B7B-8C25-200C551A3805}.Release|x64.ActiveCfg = Release|Any CPU
		{FC8EAC50-7DAA-4B7B-8C25-200C551A3805}.Release|x64.Build.0 = Release|Any CPU
		{CE6B7321-3101-4783-8ED0-874B10D27FAA}.Debug|Any CPU.ActiveCfg = Debug|Any CPU
		{CE6B7321-3101-4783-8ED0-874B10D27FAA}.Debug|Any CPU.Build.0 = Debug|Any CPU
		{CE6B7321-3101-4783-8ED0-874B10D27FAA}.Debug|x64.ActiveCfg = Debug|x64
		{CE6B7321-3101-4783-8ED0-874B10D27FAA}.Debug|x64.Build.0 = Debug|x64
		{CE6B7321-3101-4783-8ED0-874B10D27FAA}.Release|Any CPU.ActiveCfg = Release|Any CPU
		{CE6B7321-3101-4783-8ED0-874B10D27FAA}.Release|Any CPU.Build.0 = Release|Any CPU
		{CE6B7321-3101-4783-8ED0-874B10D27FAA}.Release|x64.ActiveCfg = Release|x64
		{CE6B7321-3101-4783-8ED0-874B10D27FAA}.Release|x64.Build.0 = Release|x64
		{D83E8014-6399-420A-976C-6CFDE0F242AA}.Debug|Any CPU.ActiveCfg = Debug|Any CPU
		{D83E8014-6399-420A-976C-6CFDE0F242AA}.Debug|Any CPU.Build.0 = Debug|Any CPU
		{D83E8014-6399-420A-976C-6CFDE0F242AA}.Debug|x64.ActiveCfg = Debug|x64
		{D83E8014-6399-420A-976C-6CFDE0F242AA}.Debug|x64.Build.0 = Debug|x64
		{D83E8014-6399-420A-976C-6CFDE0F242AA}.Release|Any CPU.ActiveCfg = Release|Any CPU
		{D83E8014-6399-420A-976C-6CFDE0F242AA}.Release|Any CPU.Build.0 = Release|Any CPU
		{D83E8014-6399-420A-976C-6CFDE0F242AA}.Release|x64.ActiveCfg = Release|Any CPU
		{D83E8014-6399-420A-976C-6CFDE0F242AA}.Release|x64.Build.0 = Release|Any CPU
	EndGlobalSection
	GlobalSection(SolutionProperties) = preSolution
		HideSolutionNode = FALSE
	EndGlobalSection
	GlobalSection(NestedProjects) = preSolution
		{E0A9D3B2-356A-4B20-A297-F4F4C92BC106} = {A28464AE-58E0-4BCD-AA19-B65E571DC285}
		{17E02EF9-EE16-4959-8364-14CD53321D68} = {A28464AE-58E0-4BCD-AA19-B65E571DC285}
		{8AEA3E2F-9EB7-4FB4-A6CA-864D51625F38} = {A28464AE-58E0-4BCD-AA19-B65E571DC285}
		{FC8EAC50-7DAA-4B7B-8C25-200C551A3805} = {A28464AE-58E0-4BCD-AA19-B65E571DC285}
		{CE6B7321-3101-4783-8ED0-874B10D27FAA} = {7F9899A6-10C3-44BE-8696-EAEA7C2D596B}
		{D83E8014-6399-420A-976C-6CFDE0F242AA} = {7F9899A6-10C3-44BE-8696-EAEA7C2D596B}
	EndGlobalSection
	GlobalSection(ExtensibilityGlobals) = postSolution
		SolutionGuid = {6C75B613-36E0-4042-B237-EB2E76AE1E8C}
	EndGlobalSection
EndGlobal
