
Microsoft Visual Studio Solution File, Format Version 12.00
# Visual Studio Version 16
VisualStudioVersion = 16.0.28803.202
MinimumVisualStudioVersion = 10.0.40219.1
Project("{2150E333-8FDC-42A3-9474-1A3956D46DE8}") = "src", "src", "{7F9899A6-10C3-44BE-8696-EAEA7C2D596B}"
EndProject
Project("{2150E333-8FDC-42A3-9474-1A3956D46DE8}") = "examples", "examples", "{A28464AE-58E0-4BCD-AA19-B65E571DC285}"
EndProject
Project("{9A19103F-16F7-4668-BE54-9A1E7A4F7556}") = "MNIST", "examples\MNIST\MNIST.csproj", "{17E02EF9-EE16-4959-8364-14CD53321D68}"
EndProject
Project("{9A19103F-16F7-4668-BE54-9A1E7A4F7556}") = "ConsoleTest", "examples\ConsoleTest\ConsoleTest.csproj", "{FC8EAC50-7DAA-4B7B-8C25-200C551A3805}"
EndProject
Project("{2150E333-8FDC-42A3-9474-1A3956D46DE8}") = "Docs", "Docs", "{E14006BF-4543-41FD-A2DE-821DB4211935}"
EndProject
Project("{9A19103F-16F7-4668-BE54-9A1E7A4F7556}") = "MxNet", "src\MxNet\MxNet.csproj", "{8A1E6A9A-DCC4-4793-AE28-A1310F93761F}"
EndProject
Project("{9A19103F-16F7-4668-BE54-9A1E7A4F7556}") = "MxNet.OpGenerator", "src\MxNet.OpGenerator\MxNet.OpGenerator.csproj", "{025EC9AF-B4D6-4EEE-AFF2-524D494E7E11}"
EndProject
Project("{2150E333-8FDC-42A3-9474-1A3956D46DE8}") = "redist", "redist", "{870A92A8-39A6-4170-9092-FA6B9970E87D}"
EndProject
Project("{9A19103F-16F7-4668-BE54-9A1E7A4F7556}") = "ORGate", "examples\ORGate\ORGate.csproj", "{893914D5-B284-41EF-9E71-A6135282035D}"
EndProject
Global
	GlobalSection(SolutionConfigurationPlatforms) = preSolution
		Debug|Any CPU = Debug|Any CPU
		Debug|x64 = Debug|x64
		Release|Any CPU = Release|Any CPU
		Release|x64 = Release|x64
	EndGlobalSection
	GlobalSection(ProjectConfigurationPlatforms) = postSolution
		{17E02EF9-EE16-4959-8364-14CD53321D68}.Debug|Any CPU.ActiveCfg = Debug|Any CPU
		{17E02EF9-EE16-4959-8364-14CD53321D68}.Debug|Any CPU.Build.0 = Debug|Any CPU
		{17E02EF9-EE16-4959-8364-14CD53321D68}.Debug|x64.ActiveCfg = Debug|x64
		{17E02EF9-EE16-4959-8364-14CD53321D68}.Debug|x64.Build.0 = Debug|x64
		{17E02EF9-EE16-4959-8364-14CD53321D68}.Release|Any CPU.ActiveCfg = Release|Any CPU
		{17E02EF9-EE16-4959-8364-14CD53321D68}.Release|Any CPU.Build.0 = Release|Any CPU
		{17E02EF9-EE16-4959-8364-14CD53321D68}.Release|x64.ActiveCfg = Release|x64
		{17E02EF9-EE16-4959-8364-14CD53321D68}.Release|x64.Build.0 = Release|x64
		{FC8EAC50-7DAA-4B7B-8C25-200C551A3805}.Debug|Any CPU.ActiveCfg = Debug|Any CPU
		{FC8EAC50-7DAA-4B7B-8C25-200C551A3805}.Debug|Any CPU.Build.0 = Debug|Any CPU
		{FC8EAC50-7DAA-4B7B-8C25-200C551A3805}.Debug|x64.ActiveCfg = Debug|x64
		{FC8EAC50-7DAA-4B7B-8C25-200C551A3805}.Debug|x64.Build.0 = Debug|x64
		{FC8EAC50-7DAA-4B7B-8C25-200C551A3805}.Release|Any CPU.ActiveCfg = Release|Any CPU
		{FC8EAC50-7DAA-4B7B-8C25-200C551A3805}.Release|Any CPU.Build.0 = Release|Any CPU
		{FC8EAC50-7DAA-4B7B-8C25-200C551A3805}.Release|x64.ActiveCfg = Release|Any CPU
		{FC8EAC50-7DAA-4B7B-8C25-200C551A3805}.Release|x64.Build.0 = Release|Any CPU
		{8A1E6A9A-DCC4-4793-AE28-A1310F93761F}.Debug|Any CPU.ActiveCfg = Debug|Any CPU
		{8A1E6A9A-DCC4-4793-AE28-A1310F93761F}.Debug|Any CPU.Build.0 = Debug|Any CPU
		{8A1E6A9A-DCC4-4793-AE28-A1310F93761F}.Debug|x64.ActiveCfg = Debug|x64
		{8A1E6A9A-DCC4-4793-AE28-A1310F93761F}.Debug|x64.Build.0 = Debug|x64
		{8A1E6A9A-DCC4-4793-AE28-A1310F93761F}.Release|Any CPU.ActiveCfg = Release|Any CPU
		{8A1E6A9A-DCC4-4793-AE28-A1310F93761F}.Release|Any CPU.Build.0 = Release|Any CPU
		{8A1E6A9A-DCC4-4793-AE28-A1310F93761F}.Release|x64.ActiveCfg = Release|x64
		{8A1E6A9A-DCC4-4793-AE28-A1310F93761F}.Release|x64.Build.0 = Release|x64
		{025EC9AF-B4D6-4EEE-AFF2-524D494E7E11}.Debug|Any CPU.ActiveCfg = Debug|Any CPU
		{025EC9AF-B4D6-4EEE-AFF2-524D494E7E11}.Debug|Any CPU.Build.0 = Debug|Any CPU
		{025EC9AF-B4D6-4EEE-AFF2-524D494E7E11}.Debug|x64.ActiveCfg = Debug|x64
		{025EC9AF-B4D6-4EEE-AFF2-524D494E7E11}.Debug|x64.Build.0 = Debug|x64
		{025EC9AF-B4D6-4EEE-AFF2-524D494E7E11}.Release|Any CPU.ActiveCfg = Release|Any CPU
		{025EC9AF-B4D6-4EEE-AFF2-524D494E7E11}.Release|Any CPU.Build.0 = Release|Any CPU
		{025EC9AF-B4D6-4EEE-AFF2-524D494E7E11}.Release|x64.ActiveCfg = Release|x64
		{025EC9AF-B4D6-4EEE-AFF2-524D494E7E11}.Release|x64.Build.0 = Release|x64
		{893914D5-B284-41EF-9E71-A6135282035D}.Debug|Any CPU.ActiveCfg = Debug|Any CPU
		{893914D5-B284-41EF-9E71-A6135282035D}.Debug|Any CPU.Build.0 = Debug|Any CPU
		{893914D5-B284-41EF-9E71-A6135282035D}.Debug|x64.ActiveCfg = Debug|x64
		{893914D5-B284-41EF-9E71-A6135282035D}.Debug|x64.Build.0 = Debug|x64
		{893914D5-B284-41EF-9E71-A6135282035D}.Release|Any CPU.ActiveCfg = Release|Any CPU
		{893914D5-B284-41EF-9E71-A6135282035D}.Release|Any CPU.Build.0 = Release|Any CPU
		{893914D5-B284-41EF-9E71-A6135282035D}.Release|x64.ActiveCfg = Release|x64
		{893914D5-B284-41EF-9E71-A6135282035D}.Release|x64.Build.0 = Release|x64
	EndGlobalSection
	GlobalSection(SolutionProperties) = preSolution
		HideSolutionNode = FALSE
	EndGlobalSection
	GlobalSection(NestedProjects) = preSolution
		{17E02EF9-EE16-4959-8364-14CD53321D68} = {A28464AE-58E0-4BCD-AA19-B65E571DC285}
		{FC8EAC50-7DAA-4B7B-8C25-200C551A3805} = {A28464AE-58E0-4BCD-AA19-B65E571DC285}
		{8A1E6A9A-DCC4-4793-AE28-A1310F93761F} = {7F9899A6-10C3-44BE-8696-EAEA7C2D596B}
		{025EC9AF-B4D6-4EEE-AFF2-524D494E7E11} = {7F9899A6-10C3-44BE-8696-EAEA7C2D596B}
		{893914D5-B284-41EF-9E71-A6135282035D} = {A28464AE-58E0-4BCD-AA19-B65E571DC285}
	EndGlobalSection
	GlobalSection(ExtensibilityGlobals) = postSolution
		SolutionGuid = {6C75B613-36E0-4042-B237-EB2E76AE1E8C}
	EndGlobalSection
EndGlobal
